
Microsoft Visual Studio Solution File, Format Version 12.00
# Visual Studio Version 17
VisualStudioVersion = 17.2.32505.173
MinimumVisualStudioVersion = 10.0.40219.1
Project("{8BC9CEB8-8B4A-11D0-8D11-00A0C91BC942}") = "Map_Structure", "Map_Structure\Map_Structure.vcxproj", "{6F0F6021-7B5E-4A15-9081-BA67E9C240C0}"
EndProject
Global
	GlobalSection(SolutionConfigurationPlatforms) = preSolution
		Debug|x64 = Debug|x64
		Debug|x86 = Debug|x86
		Release|x64 = Release|x64
		Release|x86 = Release|x86
	EndGlobalSection
	GlobalSection(ProjectConfigurationPlatforms) = postSolution
		{6F0F6021-7B5E-4A15-9081-BA67E9C240C0}.Debug|x64.ActiveCfg = Debug|x64
		{6F0F6021-7B5E-4A15-9081-BA67E9C240C0}.Debug|x64.Build.0 = Debug|x64
		{6F0F6021-7B5E-4A15-9081-BA67E9C240C0}.Debug|x86.ActiveCfg = Debug|Win32
		{6F0F6021-7B5E-4A15-9081-BA67E9C240C0}.Debug|x86.Build.0 = Debug|Win32
		{6F0F6021-7B5E-4A15-9081-BA67E9C240C0}.Release|x64.ActiveCfg = Release|x64
		{6F0F6021-7B5E-4A15-9081-BA67E9C240C0}.Release|x64.Build.0 = Release|x64
		{6F0F6021-7B5E-4A15-9081-BA67E9C240C0}.Release|x86.ActiveCfg = Release|Win32
		{6F0F6021-7B5E-4A15-9081-BA67E9C240C0}.Release|x86.Build.0 = Release|Win32
	EndGlobalSection
	GlobalSection(SolutionProperties) = preSolution
		HideSolutionNode = FALSE
	EndGlobalSection
	GlobalSection(ExtensibilityGlobals) = postSolution
		SolutionGuid = {043611A9-0287-4FAA-85EE-16F1373A027D}
	EndGlobalSection
EndGlobal
